PackratFormat: 1.4
PackratVersion: 0.4.6.4
RVersion: 3.2.3
Repos: CRAN=https://cran.rstudio.com/

Package: packrat
Source: github
Version: 0.4.6-4
GithubRepo: packrat
GithubUsername: rstudio
GithubRef: master
GithubSha1: 470a56e654c08bed893a12ca3b4304ad5570beab
Hash: 41a5beb75b7ee759d913ba7bd980237c
