PackratFormat: 1.4
PackratVersion: 0.4.6.4
RVersion: 3.2.3
Repos: CRAN=https://cran.rstudio.com/

Package: BH
Source: CRAN
Version: 1.60.0-1
Hash: 889445e87a2acd4cc58440957f3b0d1a

Package: DBI
Source: CRAN
Version: 0.3.1
Hash: 096699d1ac1cf530acfc646a0c90ee5d

Package: FNN
Source: CRAN
Version: 1.1
Hash: c057509dc46a5303c20514f256f79a5e

Package: R6
Source: CRAN
Version: 2.1.1
Hash: 20a88b2c9c84aecff2702789a4d102f5

Package: RColorBrewer
Source: CRAN
Version: 1.1-2
Hash: c0d56cd15034f395874c870141870c25

Package: Rcpp
Source: CRAN
Version: 0.12.2
Hash: 1928c2b7372e3f033217335f3fad25a3

Package: assertthat
Source: CRAN
Version: 0.1
Hash: 0afb92b59b02593c70ff8046700ba9d3

Package: automap
Source: CRAN
Version: 1.0-14
Hash: e31a3b38f3190f8fb9badc76d70e2f6e
Requires: gstat, reshape, sp

Package: chron
Source: CRAN
Version: 2.3-47
Hash: d25d96d908cd21080f24c89eed4c80a0

Package: colorspace
Source: CRAN
Version: 1.2-6
Hash: 00bb12245cd975c450cc4a960884fa15

Package: data.table
Source: CRAN
Version: 1.9.6
Hash: f92ef1f73afa43bf6fd69a22f3794abd
Requires: chron

Package: dichromat
Source: CRAN
Version: 2.0-0
Hash: 08eed0c80510af29bb15f840ccfe37ce

Package: digest
Source: CRAN
Version: 0.6.9
Hash: fd55d5a024f160fc001a5ece1e27782d

Package: dplyr
Source: CRAN
Version: 0.4.3
Hash: 4675a5a17414d99598c92dcca485dbc1
Requires: BH, DBI, R6, Rcpp, assertthat, lazyeval, magrittr

Package: dygraphs
Source: CRAN
Version: 0.6
Hash: b02fc4b803daadd33556094a1dce1186
Requires: htmlwidgets, magrittr, xts, zoo

Package: e1071
Source: CRAN
Version: 1.6-7
Hash: a8b909c7e06f7bfcbdbbad439799e25d

Package: ggplot2
Source: CRAN
Version: 2.0.0
Hash: 5befb1e7a9c7d0692d6c35fa02a29dbf
Requires: digest, gtable, plyr, reshape2, scales

Package: gstat
Source: CRAN
Version: 1.1-0
Hash: ef473963ed726c3b4fe776a60124afa7
Requires: FNN, sp, spacetime, zoo

Package: gtable
Source: CRAN
Version: 0.1.2
Hash: 38a0f066373a60824cd3ade2362af363

Package: htmltools
Source: CRAN
Version: 0.3
Hash: 7ccc01f4d22d73d0d9b0d2a7781e7ff6
Requires: digest

Package: htmlwidgets
Source: CRAN
Version: 0.5
Hash: 0aa33e8666baac6fcff4e376789b9c2e
Requires: htmltools, jsonlite, yaml

Package: httpuv
Source: CRAN
Version: 1.3.3
Hash: ad41c96192683a69d291a45192ec8e2b
Requires: Rcpp

Package: hydroGOF
Source: CRAN
Version: 0.3-8
Hash: 36fa430b7a7187977512e3e9858f3284
Requires: hydroTSM, xts, zoo

Package: hydroTSM
Source: CRAN
Version: 0.4-2-1
Hash: ce3acf468affef2338cd2391e5b6bbdd
Requires: automap, e1071, gstat, sp, xts, zoo

Package: intervals
Source: CRAN
Version: 0.15.1
Hash: 26e23563c50548f8588a112a4baaa297

Package: jsonlite
Source: CRAN
Version: 0.9.19
Hash: 4a983f753b6e88ae0f5a6ac152d8cc32

Package: labeling
Source: CRAN
Version: 0.3
Hash: ecf589b42cd284b03a4beb9665482d3e

Package: lazyeval
Source: CRAN
Version: 0.1.10
Hash: 9679f1ac7f6bc07bc79755f34cd15e1f

Package: magrittr
Source: CRAN
Version: 1.5
Hash: bdc4d48c3135e8f3b399536ddf160df4

Package: mime
Source: CRAN
Version: 0.4
Hash: b08c52dae92a0a11e64a4deea032ec33

Package: munsell
Source: CRAN
Version: 0.4.2
Hash: 72d343a6664778029f49a7ad36de1cab
Requires: colorspace

Package: packrat
Source: github
Version: 0.4.6-4
Hash: 41a5beb75b7ee759d913ba7bd980237c
GithubRepo: packrat
GithubUsername: rstudio
GithubRef: master
GithubSha1: 470a56e654c08bed893a12ca3b4304ad5570beab

Package: plyr
Source: CRAN
Version: 1.8.3
Hash: 5cf4672c5940e265f2602d5d806d303d
Requires: Rcpp

Package: reshape
Source: CRAN
Version: 0.8.5
Hash: 08a3fc774cceaaec54edea9e9687a6c5
Requires: plyr

Package: reshape2
Source: CRAN
Version: 1.4.1
Hash: 193899598711fc9776f383bbdf266118
Requires: Rcpp, plyr, stringr

Package: scales
Source: CRAN
Version: 0.3.0
Hash: 323f8f5a7f2823f19bd3fd3c15fc196a
Requires: RColorBrewer, Rcpp, dichromat, labeling, munsell, plyr

Package: shiny
Source: CRAN
Version: 0.12.2
Hash: 31cd1fe3028ac7ef846adacf8ed5bfd2
Requires: R6, digest, htmltools, httpuv, jsonlite, mime, xtable

Package: sp
Source: CRAN
Version: 1.2-1
Hash: ecc445b1785d42c5cb3f4d687a121bea

Package: spacetime
Source: CRAN
Version: 1.1-5
Hash: 8ba44b927cba166c0e3ba1bfaaa2aa8e
Requires: intervals, sp, xts, zoo

Package: stringi
Source: CRAN
Version: 1.0-1
Hash: cf342bc407bd5daec77ed1009d5244e1

Package: stringr
Source: CRAN
Version: 1.0.0
Hash: 2676dd5f88890910962b733b0f9540e1
Requires: magrittr, stringi

Package: xtable
Source: CRAN
Version: 1.8-0
Hash: 3816a222bb6837b3344d230b54b4c3cc

Package: xts
Source: CRAN
Version: 0.9-7
Hash: fb3f81d7a2fa2323879b6b49722ddc5e
Requires: zoo

Package: yaml
Source: CRAN
Version: 2.1.13
Hash: 4854ccabebc225e8a7309fb4a74980de

Package: zoo
Source: CRAN
Version: 1.7-12
Hash: 8ce4a89536cba4fa6023190959de5658
